Microsoft Visual Studio Solution File, Format Version 11.00
# Visual Studio 2010
Project("{F184B08F-C81C-45F6-A57F-5ABD9991F28F}") = "CustomMapDataProvider", "CustomMapDataProvider\CustomMapDataProvider.vbproj", "{8089684A-290A-4D37-A177-208C56FCCAC6}"
EndProject
Project("{F184B08F-C81C-45F6-A57F-5ABD9991F28F}") = "CustomMapDataProvider.Web", "CustomMapDataProvider.Web\CustomMapDataProvider.Web.vbproj", "{E95A9C1D-235F-4B9D-88E2-BDBFF4B0D246}"
EndProject
Global
	GlobalSection(SolutionConfigurationPlatforms) = preSolution
		Debug|Any CPU = Debug|Any CPU
		Release|Any CPU = Release|Any CPU
	EndGlobalSection
	GlobalSection(ProjectConfigurationPlatforms) = postSolution
		{8089684A-290A-4D37-A177-208C56FCCAC6}.Debug|Any CPU.ActiveCfg = Debug|Any CPU
		{8089684A-290A-4D37-A177-208C56FCCAC6}.Debug|Any CPU.Build.0 = Debug|Any CPU
		{8089684A-290A-4D37-A177-208C56FCCAC6}.Release|Any CPU.ActiveCfg = Release|Any CPU
		{8089684A-290A-4D37-A177-208C56FCCAC6}.Release|Any CPU.Build.0 = Release|Any CPU
		{E95A9C1D-235F-4B9D-88E2-BDBFF4B0D246}.Debug|Any CPU.ActiveCfg = Debug|Any CPU
		{E95A9C1D-235F-4B9D-88E2-BDBFF4B0D246}.Debug|Any CPU.Build.0 = Debug|Any CPU
		{E95A9C1D-235F-4B9D-88E2-BDBFF4B0D246}.Release|Any CPU.ActiveCfg = Release|Any CPU
		{E95A9C1D-235F-4B9D-88E2-BDBFF4B0D246}.Release|Any CPU.Build.0 = Release|Any CPU
	EndGlobalSection
	GlobalSection(SolutionProperties) = preSolution
		HideSolutionNode = FALSE
	EndGlobalSection
EndGlobal
